
Microsoft Visual Studio Solution File, Format Version 12.00
# Visual Studio 2012
Project("{8BC9CEB8-8B4A-11D0-8D11-00A0C91BC942}") = "ConsoleApplication1", "ConsoleApplication1\ConsoleApplication1.vcxproj", "{E0E25FD0-A282-488B-9F45-E2F560D80382}"
EndProject
Global
	GlobalSection(SolutionConfigurationPlatforms) = preSolution
		Debug|Win32 = Debug|Win32
		Release|Win32 = Release|Win32
	EndGlobalSection
	GlobalSection(ProjectConfigurationPlatforms) = postSolution
		{E0E25FD0-A282-488B-9F45-E2F560D80382}.Debug|Win32.ActiveCfg = Debug|Win32
		{E0E25FD0-A282-488B-9F45-E2F560D80382}.Debug|Win32.Build.0 = Debug|Win32
		{E0E25FD0-A282-488B-9F45-E2F560D80382}.Release|Win32.ActiveCfg = Release|Win32
		{E0E25FD0-A282-488B-9F45-E2F560D80382}.Release|Win32.Build.0 = Release|Win32
	EndGlobalSection
	GlobalSection(SolutionProperties) = preSolution
		HideSolutionNode = FALSE
	EndGlobalSection
EndGlobal
